// !$*UTF8*$!
{
	archiveVersion = 1;
	classes = {
	};
	objectVersion = 55;
	objects = {

/* Begin PBXBuildFile section */
		F1DDBABD28BE927D0009F000 /* NodeEditorDemoApp.swift in Sources */ = {isa = PBXBuildFile; fileRef = F1DDBAAD28BE927B0009F000 /* NodeEditorDemoApp.swift */; };
		F1DDBABE28BE927D0009F000 /* NodeEditorDemoApp.swift in Sources */ = {isa = PBXBuildFile; fileRef = F1DDBAAD28BE927B0009F000 /* NodeEditorDemoApp.swift */; };
		F1DDBABF28BE927D0009F000 /* ContentView.swift in Sources */ = {isa = PBXBuildFile; fileRef = F1DDBAAE28BE927B0009F000 /* ContentView.swift */; };
		F1DDBAC028BE927D0009F000 /* ContentView.swift in Sources */ = {isa = PBXBuildFile; fileRef = F1DDBAAE28BE927B0009F000 /* ContentView.swift */; };
		F1DDBAC128BE927D0009F000 /* Assets.xcassets in Resources */ = {isa = PBXBuildFile; fileRef = F1DDBAAF28BE927D0009F000 /* Assets.xcassets */; };
		F1DDBAC228BE927D0009F000 /* Assets.xcassets in Resources */ = {isa = PBXBuildFile; fileRef = F1DDBAAF28BE927D0009F000 /* Assets.xcassets */; };
		F1DDBACF28BE92D00009F000 /* NodeEditor in Frameworks */ = {isa = PBXBuildFile; productRef = F1DDBACE28BE92D00009F000 /* NodeEditor */; };
		F1DDBAD128BE93100009F000 /* NodeEditor in Frameworks */ = {isa = PBXBuildFile; productRef = F1DDBAD028BE93100009F000 /* NodeEditor */; };
/* End PBXBuildFile section */

/* Begin PBXFileReference section */
		F1DDBAAD28BE927B0009F000 /* NodeEditorDemoApp.swift */ = {isa = PBXFileReference; lastKnownFileType = sourcecode.swift; path = NodeEditorDemoApp.swift; sourceTree = "<group>"; };
		F1DDBAAE28BE927B0009F000 /* ContentView.swift */ = {isa = PBXFileReference; lastKnownFileType = sourcecode.swift; path = ContentView.swift; sourceTree = "<group>"; };
		F1DDBAAF28BE927D0009F000 /* Assets.xcassets */ = {isa = PBXFileReference; lastKnownFileType = folder.assetcatalog; path = Assets.xcassets; sourceTree = "<group>"; };
		F1DDBAB428BE927D0009F000 /* NodeEditorDemo.app */ = {isa = PBXFileReference; explicitFileType = wrapper.application; includeInIndex = 0; path = NodeEditorDemo.app; sourceTree = BUILT_PRODUCTS_DIR; };
		F1DDBABA28BE927D0009F000 /* NodeEditorDemo.app */ = {isa = PBXFileReference; explicitFileType = wrapper.application; includeInIndex = 0; path = NodeEditorDemo.app; sourceTree = BUILT_PRODUCTS_DIR; };
		F1DDBABC28BE927D0009F000 /* macOS.entitlements */ = {isa = PBXFileReference; lastKnownFileType = text.plist.entitlements; path = macOS.entitlements; sourceTree = "<group>"; };
		F1DDBACC28BE92A30009F000 /* NodeEditor */ = {isa = PBXFileReference; lastKnownFileType = wrapper; name = NodeEditor; path = ..; sourceTree = "<group>"; };
/* End PBXFileReference section */

/* Begin PBXFrameworksBuildPhase section */
		F1DDBAB128BE927D0009F000 /* Frameworks */ = {
			isa = PBXFrameworksBuildPhase;
			buildActionMask = 2147483647;
			files = (
				F1DDBACF28BE92D00009F000 /* NodeEditor in Frameworks */,
			);
			runOnlyForDeploymentPostprocessing = 0;
		};
		F1DDBAB728BE927D0009F000 /* Frameworks */ = {
			isa = PBXFrameworksBuildPhase;
			buildActionMask = 2147483647;
			files = (
				F1DDBAD128BE93100009F000 /* NodeEditor in Frameworks */,
			);
			runOnlyForDeploymentPostprocessing = 0;
		};
/* End PBXFrameworksBuildPhase section */

/* Begin PBXGroup section */
		F1DDBAA728BE927B0009F000 = {
			isa = PBXGroup;
			children = (
				F1DDBACB28BE92A30009F000 /* Packages */,
				F1DDBAAC28BE927B0009F000 /* Shared */,
				F1DDBABB28BE927D0009F000 /* macOS */,
				F1DDBAB528BE927D0009F000 /* Products */,
				F1DDBACD28BE92D00009F000 /* Frameworks */,
			);
			sourceTree = "<group>";
		};
		F1DDBAAC28BE927B0009F000 /* Shared */ = {
			isa = PBXGroup;
			children = (
				F1DDBAAD28BE927B0009F000 /* NodeEditorDemoApp.swift */,
				F1DDBAAE28BE927B0009F000 /* ContentView.swift */,
				F1DDBAAF28BE927D0009F000 /* Assets.xcassets */,
			);
			path = Shared;
			sourceTree = "<group>";
		};
		F1DDBAB528BE927D0009F000 /* Products */ = {
			isa = PBXGroup;
			children = (
				F1DDBAB428BE927D0009F000 /* NodeEditorDemo.app */,
				F1DDBABA28BE927D0009F000 /* NodeEditorDemo.app */,
			);
			name = Products;
			sourceTree = "<group>";
		};
		F1DDBABB28BE927D0009F000 /* macOS */ = {
			isa = PBXGroup;
			children = (
				F1DDBABC28BE927D0009F000 /* macOS.entitlements */,
			);
			path = macOS;
			sourceTree = "<group>";
		};
		F1DDBACB28BE92A30009F000 /* Packages */ = {
			isa = PBXGroup;
			children = (
				F1DDBACC28BE92A30009F000 /* NodeEditor */,
			);
			name = Packages;
			sourceTree = "<group>";
		};
		F1DDBACD28BE92D00009F000 /* Frameworks */ = {
			isa = PBXGroup;
			children = (
			);
			name = Frameworks;
			sourceTree = "<group>";
		};
/* End PBXGroup section */

/* Begin PBXNativeTarget section */
		F1DDBAB328BE927D0009F000 /* NodeEditorDemo (iOS) */ = {
			isa = PBXNativeTarget;
			buildConfigurationList = F1DDBAC528BE927D0009F000 /* Build configuration list for PBXNativeTarget "NodeEditorDemo (iOS)" */;
			buildPhases = (
				F1DDBAB028BE927D0009F000 /* Sources */,
				F1DDBAB128BE927D0009F000 /* Frameworks */,
				F1DDBAB228BE927D0009F000 /* Resources */,
			);
			buildRules = (
			);
			dependencies = (
			);
			name = "NodeEditorDemo (iOS)";
			packageProductDependencies = (
				F1DDBACE28BE92D00009F000 /* NodeEditor */,
			);
			productName = "NodeEditorDemo (iOS)";
			productReference = F1DDBAB428BE927D0009F000 /* NodeEditorDemo.app */;
			productType = "com.apple.product-type.application";
		};
		F1DDBAB928BE927D0009F000 /* NodeEditorDemo (macOS) */ = {
			isa = PBXNativeTarget;
			buildConfigurationList = F1DDBAC828BE927D0009F000 /* Build configuration list for PBXNativeTarget "NodeEditorDemo (macOS)" */;
			buildPhases = (
				F1DDBAB628BE927D0009F000 /* Sources */,
				F1DDBAB728BE927D0009F000 /* Frameworks */,
				F1DDBAB828BE927D0009F000 /* Resources */,
			);
			buildRules = (
			);
			dependencies = (
			);
			name = "NodeEditorDemo (macOS)";
			packageProductDependencies = (
				F1DDBAD028BE93100009F000 /* NodeEditor */,
			);
			productName = "NodeEditorDemo (macOS)";
			productReference = F1DDBABA28BE927D0009F000 /* NodeEditorDemo.app */;
			productType = "com.apple.product-type.application";
		};
/* End PBXNativeTarget section */

/* Begin PBXProject section */
		F1DDBAA828BE927B0009F000 /* Project object */ = {
			isa = PBXProject;
			attributes = {
				BuildIndependentTargetsInParallel = 1;
				LastSwiftUpdateCheck = 1340;
				LastUpgradeCheck = 1340;
				TargetAttributes = {
					F1DDBAB328BE927D0009F000 = {
						CreatedOnToolsVersion = 13.4.1;
					};
					F1DDBAB928BE927D0009F000 = {
						CreatedOnToolsVersion = 13.4.1;
					};
				};
			};
			buildConfigurationList = F1DDBAAB28BE927B0009F000 /* Build configuration list for PBXProject "NodeEditorDemo" */;
			compatibilityVersion = "Xcode 13.0";
			developmentRegion = en;
			hasScannedForEncodings = 0;
			knownRegions = (
				en,
				Base,
			);
			mainGroup = F1DDBAA728BE927B0009F000;
			productRefGroup = F1DDBAB528BE927D0009F000 /* Products */;
			projectDirPath = "";
			projectRoot = "";
			targets = (
				F1DDBAB328BE927D0009F000 /* NodeEditorDemo (iOS) */,
				F1DDBAB928BE927D0009F000 /* NodeEditorDemo (macOS) */,
			);
		};
/* End PBXProject section */

/* Begin PBXResourcesBuildPhase section */
		F1DDBAB228BE927D0009F000 /* Resources */ = {
			isa = PBXResourcesBuildPhase;
			buildActionMask = 2147483647;
			files = (
				F1DDBAC128BE927D0009F000 /* Assets.xcassets in Resources */,
			);
			runOnlyForDeploymentPostprocessing = 0;
		};
		F1DDBAB828BE927D0009F000 /* Resources */ = {
			isa = PBXResourcesBuildPhase;
			buildActionMask = 2147483647;
			files = (
				F1DDBAC228BE927D0009F000 /* Assets.xcassets in Resources */,
			);
			runOnlyForDeploymentPostprocessing = 0;
		};
/* End PBXResourcesBuildPhase section */

/* Begin PBXSourcesBuildPhase section */
		F1DDBAB028BE927D0009F000 /* Sources */ = {
			isa = PBXSourcesBuildPhase;
			buildActionMask = 2147483647;
			files = (
				F1DDBABF28BE927D0009F000 /* ContentView.swift in Sources */,
				F1DDBABD28BE927D0009F000 /* NodeEditorDemoApp.swift in Sources */,
			);
			runOnlyForDeploymentPostprocessing = 0;
		};
		F1DDBAB628BE927D0009F000 /* Sources */ = {
			isa = PBXSourcesBuildPhase;
			buildActionMask = 2147483647;
			files = (
				F1DDBAC028BE927D0009F000 /* ContentView.swift in Sources */,
				F1DDBABE28BE927D0009F000 /* NodeEditorDemoApp.swift in Sources */,
			);
			runOnlyForDeploymentPostprocessing = 0;
		};
/* End PBXSourcesBuildPhase section */

/* Begin XCBuildConfiguration section */
		F1DDBAC328BE927D0009F000 /* Debug */ = {
			isa = XCBuildConfiguration;
			buildSettings = {
				ALWAYS_SEARCH_USER_PATHS = NO;
				CLANG_ANALYZER_NONNULL = YES;
				CLANG_ANALYZER_NUMBER_OBJECT_CONVERSION = YES_AGGRESSIVE;
				CLANG_CXX_LANGUAGE_STANDARD = "gnu++17";
				CLANG_ENABLE_MODULES = YES;
				CLANG_ENABLE_OBJC_ARC = YES;
				CLANG_ENABLE_OBJC_WEAK = YES;
				CLANG_WARN_BLOCK_CAPTURE_AUTORELEASING = YES;
				CLANG_WARN_BOOL_CONVERSION = YES;
				CLANG_WARN_COMMA = YES;
				CLANG_WARN_CONSTANT_CONVERSION = YES;
				CLANG_WARN_DEPRECATED_OBJC_IMPLEMENTATIONS = YES;
				CLANG_WARN_DIRECT_OBJC_ISA_USAGE = YES_ERROR;
				CLANG_WARN_DOCUMENTATION_COMMENTS = YES;
				CLANG_WARN_EMPTY_BODY = YES;
				CLANG_WARN_ENUM_CONVERSION = YES;
				CLANG_WARN_INFINITE_RECURSION = YES;
				CLANG_WARN_INT_CONVERSION = YES;
				CLANG_WARN_NON_LITERAL_NULL_CONVERSION = YES;
				CLANG_WARN_OBJC_IMPLICIT_RETAIN_SELF = YES;
				CLANG_WARN_OBJC_LITERAL_CONVERSION = YES;
				CLANG_WARN_OBJC_ROOT_CLASS = YES_ERROR;
				CLANG_WARN_QUOTED_INCLUDE_IN_FRAMEWORK_HEADER = YES;
				CLANG_WARN_RANGE_LOOP_ANALYSIS = YES;
				CLANG_WARN_STRICT_PROTOTYPES = YES;
				CLANG_WARN_SUSPICIOUS_MOVE = YES;
				CLANG_WARN_UNGUARDED_AVAILABILITY = YES_AGGRESSIVE;
				CLANG_WARN_UNREACHABLE_CODE = YES;
				CLANG_WARN__DUPLICATE_METHOD_MATCH = YES;
				COPY_PHASE_STRIP = NO;
				DEBUG_INFORMATION_FORMAT = dwarf;
				ENABLE_STRICT_OBJC_MSGSEND = YES;
				ENABLE_TESTABILITY = YES;
				GCC_C_LANGUAGE_STANDARD = gnu11;
				GCC_DYNAMIC_NO_PIC = NO;
				GCC_NO_COMMON_BLOCKS = YES;
				GCC_OPTIMIZATION_LEVEL = 0;
				GCC_PREPROCESSOR_DEFINITIONS = (
					"DEBUG=1",
					"$(inherited)",
				);
				GCC_WARN_64_TO_32_BIT_CONVERSION = YES;
				GCC_WARN_ABOUT_RETURN_TYPE = YES_ERROR;
				GCC_WARN_UNDECLARED_SELECTOR = YES;
				GCC_WARN_UNINITIALIZED_AUTOS = YES_AGGRESSIVE;
				GCC_WARN_UNUSED_FUNCTION = YES;
				GCC_WARN_UNUSED_VARIABLE = YES;
				MTL_ENABLE_DEBUG_INFO = INCLUDE_SOURCE;
				MTL_FAST_MATH = YES;
				ONLY_ACTIVE_ARCH = YES;
				SWIFT_ACTIVE_COMPILATION_CONDITIONS = DEBUG;
				SWIFT_OPTIMIZATION_LEVEL = "-Onone";
			};
			name = Debug;
		};
		F1DDBAC428BE927D0009F000 /* Release */ = {
			isa = XCBuildConfiguration;
			buildSettings = {
				ALWAYS_SEARCH_USER_PATHS = NO;
				CLANG_ANALYZER_NONNULL = YES;
				CLANG_ANALYZER_NUMBER_OBJECT_CONVERSION = YES_AGGRESSIVE;
				CLANG_CXX_LANGUAGE_STANDARD = "gnu++17";
				CLANG_ENABLE_MODULES = YES;
				CLANG_ENABLE_OBJC_ARC = YES;
				CLANG_ENABLE_OBJC_WEAK = YES;
				CLANG_WARN_BLOCK_CAPTURE_AUTORELEASING = YES;
				CLANG_WARN_BOOL_CONVERSION = YES;
				CLANG_WARN_COMMA = YES;
				CLANG_WARN_CONSTANT_CONVERSION = YES;
				CLANG_WARN_DEPRECATED_OBJC_IMPLEMENTATIONS = YES;
				CLANG_WARN_DIRECT_OBJC_ISA_USAGE = YES_ERROR;
				CLANG_WARN_DOCUMENTATION_COMMENTS = YES;
				CLANG_WARN_EMPTY_BODY = YES;
				CLANG_WARN_ENUM_CONVERSION = YES;
				CLANG_WARN_INFINITE_RECURSION = YES;
				CLANG_WARN_INT_CONVERSION = YES;
				CLANG_WARN_NON_LITERAL_NULL_CONVERSION = YES;
				CLANG_WARN_OBJC_IMPLICIT_RETAIN_SELF = YES;
				CLANG_WARN_OBJC_LITERAL_CONVERSION = YES;
				CLANG_WARN_OBJC_ROOT_CLASS = YES_ERROR;
				CLANG_WARN_QUOTED_INCLUDE_IN_FRAMEWORK_HEADER = YES;
				CLANG_WARN_RANGE_LOOP_ANALYSIS = YES;
				CLANG_WARN_STRICT_PROTOTYPES = YES;
				CLANG_WARN_SUSPICIOUS_MOVE = YES;
				CLANG_WARN_UNGUARDED_AVAILABILITY = YES_AGGRESSIVE;
				CLANG_WARN_UNREACHABLE_CODE = YES;
				CLANG_WARN__DUPLICATE_METHOD_MATCH = YES;
				COPY_PHASE_STRIP = NO;
				DEBUG_INFORMATION_FORMAT = "dwarf-with-dsym";
				ENABLE_NS_ASSERTIONS = NO;
				ENABLE_STRICT_OBJC_MSGSEND = YES;
				GCC_C_LANGUAGE_STANDARD = gnu11;
				GCC_NO_COMMON_BLOCKS = YES;
				GCC_WARN_64_TO_32_BIT_CONVERSION = YES;
				GCC_WARN_ABOUT_RETURN_TYPE = YES_ERROR;
				GCC_WARN_UNDECLARED_SELECTOR = YES;
				GCC_WARN_UNINITIALIZED_AUTOS = YES_AGGRESSIVE;
				GCC_WARN_UNUSED_FUNCTION = YES;
				GCC_WARN_UNUSED_VARIABLE = YES;
				MTL_ENABLE_DEBUG_INFO = NO;
				MTL_FAST_MATH = YES;
				SWIFT_COMPILATION_MODE = wholemodule;
				SWIFT_OPTIMIZATION_LEVEL = "-O";
			};
			name = Release;
		};
		F1DDBAC628BE927D0009F000 /* Debug */ = {
			isa = XCBuildConfiguration;
			buildSettings = {
				ASSETCATALOG_COMPILER_APPICON_NAME = AppIcon;
				ASSETCATALOG_COMPILER_GLOBAL_ACCENT_COLOR_NAME = AccentColor;
				CODE_SIGN_STYLE = Automatic;
				CURRENT_PROJECT_VERSION = 1;
				ENABLE_PREVIEWS = YES;
				GENERATE_INFOPLIST_FILE = YES;
				INFOPLIST_KEY_UIApplicationSceneManifest_Generation = YES;
				INFOPLIST_KEY_UIApplicationSupportsIndirectInputEvents = YES;
				INFOPLIST_KEY_UILaunchScreen_Generation = YES;
				INFOPLIST_KEY_UISupportedInterfaceOrientations_iPad = "UIInterfaceOrientationPortrait UIInterfaceOrientationPortraitUpsideDown UIInterfaceOrientationLandscapeLeft UIInterfaceOrientationLandscapeRight";
				INFOPLIST_KEY_UISupportedInterfaceOrientations_iPhone = "UIInterfaceOrientationPortrait UIInterfaceOrientationLandscapeLeft UIInterfaceOrientationLandscapeRight";
				IPHONEOS_DEPLOYMENT_TARGET = 15.5;
				LD_RUNPATH_SEARCH_PATHS = (
					"$(inherited)",
					"@executable_path/Frameworks",
				);
				MARKETING_VERSION = 1.0;
				PRODUCT_BUNDLE_IDENTIFIER = io.audiokit.NodeEditorDemo;
				PRODUCT_NAME = NodeEditorDemo;
				SDKROOT = iphoneos;
				SWIFT_EMIT_LOC_STRINGS = YES;
				SWIFT_VERSION = 5.0;
				TARGETED_DEVICE_FAMILY = "1,2";
			};
			name = Debug;
		};
		F1DDBAC728BE927D0009F000 /* Release */ = {
			isa = XCBuildConfiguration;
			buildSettings = {
				ASSETCATALOG_COMPILER_APPICON_NAME = AppIcon;
				ASSETCATALOG_COMPILER_GLOBAL_ACCENT_COLOR_NAME = AccentColor;
				CODE_SIGN_STYLE = Automatic;
				CURRENT_PROJECT_VERSION = 1;
				ENABLE_PREVIEWS = YES;
				GENERATE_INFOPLIST_FILE = YES;
				INFOPLIST_KEY_UIApplicationSceneManifest_Generation = YES;
				INFOPLIST_KEY_UIApplicationSupportsIndirectInputEvents = YES;
				INFOPLIST_KEY_UILaunchScreen_Generation = YES;
				INFOPLIST_KEY_UISupportedInterfaceOrientations_iPad = "UIInterfaceOrientationPortrait UIInterfaceOrientationPortraitUpsideDown UIInterfaceOrientationLandscapeLeft UIInterfaceOrientationLandscapeRight";
				INFOPLIST_KEY_UISupportedInterfaceOrientations_iPhone = "UIInterfaceOrientationPortrait UIInterfaceOrientationLandscapeLeft UIInterfaceOrientationLandscapeRight";
				IPHONEOS_DEPLOYMENT_TARGET = 15.5;
				LD_RUNPATH_SEARCH_PATHS = (
					"$(inherited)",
					"@executable_path/Frameworks",
				);
				MARKETING_VERSION = 1.0;
				PRODUCT_BUNDLE_IDENTIFIER = io.audiokit.NodeEditorDemo;
				PRODUCT_NAME = NodeEditorDemo;
				SDKROOT = iphoneos;
				SWIFT_EMIT_LOC_STRINGS = YES;
				SWIFT_VERSION = 5.0;
				TARGETED_DEVICE_FAMILY = "1,2";
				VALIDATE_PRODUCT = YES;
			};
			name = Release;
		};
		F1DDBAC928BE927D0009F000 /* Debug */ = {
			isa = XCBuildConfiguration;
			buildSettings = {
				ASSETCATALOG_COMPILER_APPICON_NAME = AppIcon;
				ASSETCATALOG_COMPILER_GLOBAL_ACCENT_COLOR_NAME = AccentColor;
				CODE_SIGN_ENTITLEMENTS = macOS/macOS.entitlements;
				CODE_SIGN_STYLE = Automatic;
				COMBINE_HIDPI_IMAGES = YES;
				CURRENT_PROJECT_VERSION = 1;
				ENABLE_PREVIEWS = YES;
				GENERATE_INFOPLIST_FILE = YES;
				INFOPLIST_KEY_NSHumanReadableCopyright = "";
				LD_RUNPATH_SEARCH_PATHS = (
					"$(inherited)",
					"@executable_path/../Frameworks",
				);
				MACOSX_DEPLOYMENT_TARGET = 12.3;
				MARKETING_VERSION = 1.0;
				PRODUCT_BUNDLE_IDENTIFIER = io.audiokit.NodeEditorDemo;
				PRODUCT_NAME = NodeEditorDemo;
				SDKROOT = macosx;
				SWIFT_EMIT_LOC_STRINGS = YES;
				SWIFT_VERSION = 5.0;
			};
			name = Debug;
		};
		F1DDBACA28BE927D0009F000 /* Release */ = {
			isa = XCBuildConfiguration;
			buildSettings = {
				ASSETCATALOG_COMPILER_APPICON_NAME = AppIcon;
				ASSETCATALOG_COMPILER_GLOBAL_ACCENT_COLOR_NAME = AccentColor;
				CODE_SIGN_ENTITLEMENTS = macOS/macOS.entitlements;
				CODE_SIGN_STYLE = Automatic;
				COMBINE_HIDPI_IMAGES = YES;
				CURRENT_PROJECT_VERSION = 1;
				ENABLE_PREVIEWS = YES;
				GENERATE_INFOPLIST_FILE = YES;
				INFOPLIST_KEY_NSHumanReadableCopyright = "";
				LD_RUNPATH_SEARCH_PATHS = (
					"$(inherited)",
					"@executable_path/../Frameworks",
				);
				MACOSX_DEPLOYMENT_TARGET = 12.3;
				MARKETING_VERSION = 1.0;
				PRODUCT_BUNDLE_IDENTIFIER = io.audiokit.NodeEditorDemo;
				PRODUCT_NAME = NodeEditorDemo;
				SDKROOT = macosx;
				SWIFT_EMIT_LOC_STRINGS = YES;
				SWIFT_VERSION = 5.0;
			};
			name = Release;
		};
/* End XCBuildConfiguration section */

/* Begin XCConfigurationList section */
		F1DDBAAB28BE927B0009F000 /* Build configuration list for PBXProject "NodeEditorDemo" */ = {
			isa = XCConfigurationList;
			buildConfigurations = (
				F1DDBAC328BE927D0009F000 /* Debug */,
				F1DDBAC428BE927D0009F000 /* Release */,
			);
			defaultConfigurationIsVisible = 0;
			defaultConfigurationName = Release;
		};
		F1DDBAC528BE927D0009F000 /* Build configuration list for PBXNativeTarget "NodeEditorDemo (iOS)" */ = {
			isa = XCConfigurationList;
			buildConfigurations = (
				F1DDBAC628BE927D0009F000 /* Debug */,
				F1DDBAC728BE927D0009F000 /* Release */,
			);
			defaultConfigurationIsVisible = 0;
			defaultConfigurationName = Release;
		};
		F1DDBAC828BE927D0009F000 /* Build configuration list for PBXNativeTarget "NodeEditorDemo (macOS)" */ = {
			isa = XCConfigurationList;
			buildConfigurations = (
				F1DDBAC928BE927D0009F000 /* Debug */,
				F1DDBACA28BE927D0009F000 /* Release */,
			);
			defaultConfigurationIsVisible = 0;
			defaultConfigurationName = Release;
		};
/* End XCConfigurationList section */

/* Begin XCSwiftPackageProductDependency section */
		F1DDBACE28BE92D00009F000 /* NodeEditor */ = {
			isa = XCSwiftPackageProductDependency;
			productName = NodeEditor;
		};
		F1DDBAD028BE93100009F000 /* NodeEditor */ = {
			isa = XCSwiftPackageProductDependency;
			productName = NodeEditor;
		};
/* End XCSwiftPackageProductDependency section */
	};
	rootObject = F1DDBAA828BE927B0009F000 /* Project object */;
}
